
Microsoft Visual Studio Solution File, Format Version 12.00
# Visual Studio Version 17
VisualStudioVersion = 17.4.33213.308
MinimumVisualStudioVersion = 10.0.40219.1
Project("{FAE04EC0-301F-11D3-BF4B-00C04F79EFBC}") = "AngularAuthAPI", "AngularAuthAPI\AngularAuthAPI.csproj", "{7DE31F45-4DA7-48F1-B863-1CAC3CDB0557}"
EndProject
Global
	GlobalSection(SolutionConfigurationPlatforms) = preSolution
		Debug|Any CPU = Debug|Any CPU
		Release|Any CPU = Release|Any CPU
	EndGlobalSection
	GlobalSection(ProjectConfigurationPlatforms) = postSolution
		{7DE31F45-4DA7-48F1-B863-1CAC3CDB0557}.Debug|Any CPU.ActiveCfg = Debug|Any CPU
		{7DE31F45-4DA7-48F1-B863-1CAC3CDB0557}.Debug|Any CPU.Build.0 = Debug|Any CPU
		{7DE31F45-4DA7-48F1-B863-1CAC3CDB0557}.Release|Any CPU.ActiveCfg = Release|Any CPU
		{7DE31F45-4DA7-48F1-B863-1CAC3CDB0557}.Release|Any CPU.Build.0 = Release|Any CPU
	EndGlobalSection
	GlobalSection(SolutionProperties) = preSolution
		HideSolutionNode = FALSE
	EndGlobalSection
	GlobalSection(ExtensibilityGlobals) = postSolution
		SolutionGuid = {4DA932C1-AD02-46B3-9919-BF4EA393D6C3}
	EndGlobalSection
EndGlobal
